
Microsoft Visual Studio Solution File, Format Version 12.00
# Visual Studio 14
VisualStudioVersion = 14.0.25123.0
MinimumVisualStudioVersion = 10.0.40219.1
Project("{FAE04EC0-301F-11D3-BF4B-00C04F79EFBC}") = "EfFirstContact", "EfFirstContact\EfFirstContact.csproj", "{8B73128B-71DF-4FB5-8444-19B125789985}"
EndProject
Project("{FAE04EC0-301F-11D3-BF4B-00C04F79EFBC}") = "EfCodeFirstTodo", "EfCodeFirstTodo\EfCodeFirstTodo.csproj", "{FD7A871A-D768-4169-A90B-AFA837A11DAD}"
EndProject
Project("{FAE04EC0-301F-11D3-BF4B-00C04F79EFBC}") = "WfTodo", "WfTodo\WfTodo.csproj", "{EBFD3726-7AC6-49EB-A827-EEFF02CE4571}"
EndProject
Global
	GlobalSection(SolutionConfigurationPlatforms) = preSolution
		Debug|Any CPU = Debug|Any CPU
		Release|Any CPU = Release|Any CPU
	EndGlobalSection
	GlobalSection(ProjectConfigurationPlatforms) = postSolution
		{8B73128B-71DF-4FB5-8444-19B125789985}.Debug|Any CPU.ActiveCfg = Debug|Any CPU
		{8B73128B-71DF-4FB5-8444-19B125789985}.Debug|Any CPU.Build.0 = Debug|Any CPU
		{8B73128B-71DF-4FB5-8444-19B125789985}.Release|Any CPU.ActiveCfg = Release|Any CPU
		{8B73128B-71DF-4FB5-8444-19B125789985}.Release|Any CPU.Build.0 = Release|Any CPU
		{FD7A871A-D768-4169-A90B-AFA837A11DAD}.Debug|Any CPU.ActiveCfg = Debug|Any CPU
		{FD7A871A-D768-4169-A90B-AFA837A11DAD}.Debug|Any CPU.Build.0 = Debug|Any CPU
		{FD7A871A-D768-4169-A90B-AFA837A11DAD}.Release|Any CPU.ActiveCfg = Release|Any CPU
		{FD7A871A-D768-4169-A90B-AFA837A11DAD}.Release|Any CPU.Build.0 = Release|Any CPU
		{EBFD3726-7AC6-49EB-A827-EEFF02CE4571}.Debug|Any CPU.ActiveCfg = Debug|Any CPU
		{EBFD3726-7AC6-49EB-A827-EEFF02CE4571}.Debug|Any CPU.Build.0 = Debug|Any CPU
		{EBFD3726-7AC6-49EB-A827-EEFF02CE4571}.Release|Any CPU.ActiveCfg = Release|Any CPU
		{EBFD3726-7AC6-49EB-A827-EEFF02CE4571}.Release|Any CPU.Build.0 = Release|Any CPU
	EndGlobalSection
	GlobalSection(SolutionProperties) = preSolution
		HideSolutionNode = FALSE
	EndGlobalSection
EndGlobal
