
Microsoft Visual Studio Solution File, Format Version 12.00
# Visual Studio 14
VisualStudioVersion = 14.0.25123.0
MinimumVisualStudioVersion = 10.0.40219.1
Project("{FAE04EC0-301F-11D3-BF4B-00C04F79EFBC}") = "EfFirstContact", "EfFirstContact\EfFirstContact.csproj", "{7B089CA6-8CAD-4EC7-B1DD-37E76141BCDE}"
EndProject
Project("{FAE04EC0-301F-11D3-BF4B-00C04F79EFBC}") = "EfCodeFirstTodo", "EfCodeFirstTodo\EfCodeFirstTodo.csproj", "{ED1CE5DC-4112-4DEA-BB39-8372045DA6CE}"
EndProject
Project("{FAE04EC0-301F-11D3-BF4B-00C04F79EFBC}") = "EF6Winforms", "EF6WinForms\EF6Winforms.csproj", "{BC070117-CAD0-4B62-AB0E-5F6B4955F164}"
EndProject
Project("{FAE04EC0-301F-11D3-BF4B-00C04F79EFBC}") = "EfWinTodo", "EfWinTodo\EfWinTodo.csproj", "{5AF09CCF-5280-4C1D-9AA5-38A333182C74}"
EndProject
Project("{FAE04EC0-301F-11D3-BF4B-00C04F79EFBC}") = "SweetStuff", "SweetStuff\SweetStuff.csproj", "{4010106F-F3A9-4D10-8927-B1F4790207F7}"
EndProject
Project("{FAE04EC0-301F-11D3-BF4B-00C04F79EFBC}") = "EfWinTodo.DataLayer", "EfWinTodo.DataLayer\EfWinTodo.DataLayer.csproj", "{BCBB57BD-13AF-48E9-84E9-FA11FD269C80}"
EndProject
Global
	GlobalSection(SolutionConfigurationPlatforms) = preSolution
		Debug|Any CPU = Debug|Any CPU
		Debug|x86 = Debug|x86
		Release|Any CPU = Release|Any CPU
		Release|x86 = Release|x86
	EndGlobalSection
	GlobalSection(ProjectConfigurationPlatforms) = postSolution
		{7B089CA6-8CAD-4EC7-B1DD-37E76141BCDE}.Debug|Any CPU.ActiveCfg = Debug|Any CPU
		{7B089CA6-8CAD-4EC7-B1DD-37E76141BCDE}.Debug|Any CPU.Build.0 = Debug|Any CPU
		{7B089CA6-8CAD-4EC7-B1DD-37E76141BCDE}.Debug|x86.ActiveCfg = Debug|Any CPU
		{7B089CA6-8CAD-4EC7-B1DD-37E76141BCDE}.Debug|x86.Build.0 = Debug|Any CPU
		{7B089CA6-8CAD-4EC7-B1DD-37E76141BCDE}.Release|Any CPU.ActiveCfg = Release|Any CPU
		{7B089CA6-8CAD-4EC7-B1DD-37E76141BCDE}.Release|Any CPU.Build.0 = Release|Any CPU
		{7B089CA6-8CAD-4EC7-B1DD-37E76141BCDE}.Release|x86.ActiveCfg = Release|Any CPU
		{7B089CA6-8CAD-4EC7-B1DD-37E76141BCDE}.Release|x86.Build.0 = Release|Any CPU
		{ED1CE5DC-4112-4DEA-BB39-8372045DA6CE}.Debug|Any CPU.ActiveCfg = Debug|Any CPU
		{ED1CE5DC-4112-4DEA-BB39-8372045DA6CE}.Debug|Any CPU.Build.0 = Debug|Any CPU
		{ED1CE5DC-4112-4DEA-BB39-8372045DA6CE}.Debug|x86.ActiveCfg = Debug|Any CPU
		{ED1CE5DC-4112-4DEA-BB39-8372045DA6CE}.Debug|x86.Build.0 = Debug|Any CPU
		{ED1CE5DC-4112-4DEA-BB39-8372045DA6CE}.Release|Any CPU.ActiveCfg = Release|Any CPU
		{ED1CE5DC-4112-4DEA-BB39-8372045DA6CE}.Release|Any CPU.Build.0 = Release|Any CPU
		{ED1CE5DC-4112-4DEA-BB39-8372045DA6CE}.Release|x86.ActiveCfg = Release|Any CPU
		{ED1CE5DC-4112-4DEA-BB39-8372045DA6CE}.Release|x86.Build.0 = Release|Any CPU
		{BC070117-CAD0-4B62-AB0E-5F6B4955F164}.Debug|Any CPU.ActiveCfg = Debug|Any CPU
		{BC070117-CAD0-4B62-AB0E-5F6B4955F164}.Debug|Any CPU.Build.0 = Debug|Any CPU
		{BC070117-CAD0-4B62-AB0E-5F6B4955F164}.Debug|x86.ActiveCfg = Debug|x86
		{BC070117-CAD0-4B62-AB0E-5F6B4955F164}.Debug|x86.Build.0 = Debug|x86
		{BC070117-CAD0-4B62-AB0E-5F6B4955F164}.Release|Any CPU.ActiveCfg = Release|Any CPU
		{BC070117-CAD0-4B62-AB0E-5F6B4955F164}.Release|Any CPU.Build.0 = Release|Any CPU
		{BC070117-CAD0-4B62-AB0E-5F6B4955F164}.Release|x86.ActiveCfg = Release|x86
		{BC070117-CAD0-4B62-AB0E-5F6B4955F164}.Release|x86.Build.0 = Release|x86
		{5AF09CCF-5280-4C1D-9AA5-38A333182C74}.Debug|Any CPU.ActiveCfg = Debug|Any CPU
		{5AF09CCF-5280-4C1D-9AA5-38A333182C74}.Debug|Any CPU.Build.0 = Debug|Any CPU
		{5AF09CCF-5280-4C1D-9AA5-38A333182C74}.Debug|x86.ActiveCfg = Debug|Any CPU
		{5AF09CCF-5280-4C1D-9AA5-38A333182C74}.Debug|x86.Build.0 = Debug|Any CPU
		{5AF09CCF-5280-4C1D-9AA5-38A333182C74}.Release|Any CPU.ActiveCfg = Release|Any CPU
		{5AF09CCF-5280-4C1D-9AA5-38A333182C74}.Release|Any CPU.Build.0 = Release|Any CPU
		{5AF09CCF-5280-4C1D-9AA5-38A333182C74}.Release|x86.ActiveCfg = Release|Any CPU
		{5AF09CCF-5280-4C1D-9AA5-38A333182C74}.Release|x86.Build.0 = Release|Any CPU
		{4010106F-F3A9-4D10-8927-B1F4790207F7}.Debug|Any CPU.ActiveCfg = Debug|Any CPU
		{4010106F-F3A9-4D10-8927-B1F4790207F7}.Debug|Any CPU.Build.0 = Debug|Any CPU
		{4010106F-F3A9-4D10-8927-B1F4790207F7}.Debug|x86.ActiveCfg = Debug|Any CPU
		{4010106F-F3A9-4D10-8927-B1F4790207F7}.Debug|x86.Build.0 = Debug|Any CPU
		{4010106F-F3A9-4D10-8927-B1F4790207F7}.Release|Any CPU.ActiveCfg = Release|Any CPU
		{4010106F-F3A9-4D10-8927-B1F4790207F7}.Release|Any CPU.Build.0 = Release|Any CPU
		{4010106F-F3A9-4D10-8927-B1F4790207F7}.Release|x86.ActiveCfg = Release|Any CPU
		{4010106F-F3A9-4D10-8927-B1F4790207F7}.Release|x86.Build.0 = Release|Any CPU
		{BCBB57BD-13AF-48E9-84E9-FA11FD269C80}.Debug|Any CPU.ActiveCfg = Debug|Any CPU
		{BCBB57BD-13AF-48E9-84E9-FA11FD269C80}.Debug|Any CPU.Build.0 = Debug|Any CPU
		{BCBB57BD-13AF-48E9-84E9-FA11FD269C80}.Debug|x86.ActiveCfg = Debug|Any CPU
		{BCBB57BD-13AF-48E9-84E9-FA11FD269C80}.Debug|x86.Build.0 = Debug|Any CPU
		{BCBB57BD-13AF-48E9-84E9-FA11FD269C80}.Release|Any CPU.ActiveCfg = Release|Any CPU
		{BCBB57BD-13AF-48E9-84E9-FA11FD269C80}.Release|Any CPU.Build.0 = Release|Any CPU
		{BCBB57BD-13AF-48E9-84E9-FA11FD269C80}.Release|x86.ActiveCfg = Release|Any CPU
		{BCBB57BD-13AF-48E9-84E9-FA11FD269C80}.Release|x86.Build.0 = Release|Any CPU
	EndGlobalSection
	GlobalSection(SolutionProperties) = preSolution
		HideSolutionNode = FALSE
	EndGlobalSection
EndGlobal
